
Microsoft Visual Studio Solution File, Format Version 12.00
# Visual Studio Version 16
VisualStudioVersion = 16.0.33328.57
MinimumVisualStudioVersion = 10.0.40219.1
Project("{9A19103F-16F7-4668-BE54-9A1E7A4F7556}") = "lab1", "lab1.csproj", "{3998DC67-A6D0-4CAC-8D29-5A4118996F4E}"
EndProject
Project("{9A19103F-16F7-4668-BE54-9A1E7A4F7556}") = "lab2", "..\lab2\lab2.csproj", "{88C29D74-636C-4039-B938-0F61F76509EF}"
EndProject
Project("{FAE04EC0-301F-11D3-BF4B-00C04F79EFBC}") = "lab3", "..\lab3\lab3.csproj", "{6DBBB6AD-A662-41AC-BD97-E81D502C549C}"
EndProject
Project("{FAE04EC0-301F-11D3-BF4B-00C04F79EFBC}") = "lab4", "..\lab4\lab4.csproj", "{8AC86922-9042-4597-9953-27956A28581B}"
EndProject
Global
	GlobalSection(SolutionConfigurationPlatforms) = preSolution
		Debug|Any CPU = Debug|Any CPU
		Release|Any CPU = Release|Any CPU
	EndGlobalSection
	GlobalSection(ProjectConfigurationPlatforms) = postSolution
		{3998DC67-A6D0-4CAC-8D29-5A4118996F4E}.Debug|Any CPU.ActiveCfg = Debug|Any CPU
		{3998DC67-A6D0-4CAC-8D29-5A4118996F4E}.Debug|Any CPU.Build.0 = Debug|Any CPU
		{3998DC67-A6D0-4CAC-8D29-5A4118996F4E}.Release|Any CPU.ActiveCfg = Release|Any CPU
		{3998DC67-A6D0-4CAC-8D29-5A4118996F4E}.Release|Any CPU.Build.0 = Release|Any CPU
		{88C29D74-636C-4039-B938-0F61F76509EF}.Debug|Any CPU.ActiveCfg = Debug|Any CPU
		{88C29D74-636C-4039-B938-0F61F76509EF}.Debug|Any CPU.Build.0 = Debug|Any CPU
		{88C29D74-636C-4039-B938-0F61F76509EF}.Release|Any CPU.ActiveCfg = Release|Any CPU
		{88C29D74-636C-4039-B938-0F61F76509EF}.Release|Any CPU.Build.0 = Release|Any CPU
		{6DBBB6AD-A662-41AC-BD97-E81D502C549C}.Debug|Any CPU.ActiveCfg = Debug|Any CPU
		{6DBBB6AD-A662-41AC-BD97-E81D502C549C}.Debug|Any CPU.Build.0 = Debug|Any CPU
		{6DBBB6AD-A662-41AC-BD97-E81D502C549C}.Release|Any CPU.ActiveCfg = Release|Any CPU
		{6DBBB6AD-A662-41AC-BD97-E81D502C549C}.Release|Any CPU.Build.0 = Release|Any CPU
		{8AC86922-9042-4597-9953-27956A28581B}.Debug|Any CPU.ActiveCfg = Debug|Any CPU
		{8AC86922-9042-4597-9953-27956A28581B}.Debug|Any CPU.Build.0 = Debug|Any CPU
		{8AC86922-9042-4597-9953-27956A28581B}.Release|Any CPU.ActiveCfg = Release|Any CPU
		{8AC86922-9042-4597-9953-27956A28581B}.Release|Any CPU.Build.0 = Release|Any CPU
	EndGlobalSection
	GlobalSection(SolutionProperties) = preSolution
		HideSolutionNode = FALSE
	EndGlobalSection
	GlobalSection(ExtensibilityGlobals) = postSolution
		SolutionGuid = {C05641AA-4B20-4BBC-9DD1-F39253A152EB}
	EndGlobalSection
EndGlobal
